// !$*UTF8*$!
{
	archiveVersion = 1;
	classes = {
	};
	objectVersion = 56;
	objects = {

/* Begin PBXBuildFile section */
		C078CE1329103A29004D2E3B /* AppDelegate.swift in Sources */ = {isa = PBXBuildFile; fileRef = C078CE1229103A29004D2E3B /* AppDelegate.swift */; };
		C078CE1529103A29004D2E3B /* SceneDelegate.swift in Sources */ = {isa = PBXBuildFile; fileRef = C078CE1429103A29004D2E3B /* SceneDelegate.swift */; };
		C078CE1729103A29004D2E3B /* ViewController.swift in Sources */ = {isa = PBXBuildFile; fileRef = C078CE1629103A29004D2E3B /* ViewController.swift */; };
		C078CE1A29103A29004D2E3B /* Main.storyboard in Resources */ = {isa = PBXBuildFile; fileRef = C078CE1829103A29004D2E3B /* Main.storyboard */; };
		C078CE1C29103A2A004D2E3B /* Assets.xcassets in Resources */ = {isa = PBXBuildFile; fileRef = C078CE1B29103A2A004D2E3B /* Assets.xcassets */; };
		C078CE1F29103A2A004D2E3B /* LaunchScreen.storyboard in Resources */ = {isa = PBXBuildFile; fileRef = C078CE1D29103A2A004D2E3B /* LaunchScreen.storyboard */; };
		C0B332CA2910450D00219617 /* KeychainItemAccessibility.swift in Sources */ = {isa = PBXBuildFile; fileRef = C0B332C82910450D00219617 /* KeychainItemAccessibility.swift */; };
		C0B332CB2910450D00219617 /* KeychainWrapper.swift in Sources */ = {isa = PBXBuildFile; fileRef = C0B332C92910450D00219617 /* KeychainWrapper.swift */; };
/* End PBXBuildFile section */

/* Begin PBXFileReference section */
		C078CE0F29103A29004D2E3B /* Project28.app */ = {isa = PBXFileReference; explicitFileType = wrapper.application; includeInIndex = 0; path = Project28.app; sourceTree = BUILT_PRODUCTS_DIR; };
		C078CE1229103A29004D2E3B /* AppDelegate.swift */ = {isa = PBXFileReference; lastKnownFileType = sourcecode.swift; path = AppDelegate.swift; sourceTree = "<group>"; };
		C078CE1429103A29004D2E3B /* SceneDelegate.swift */ = {isa = PBXFileReference; lastKnownFileType = sourcecode.swift; path = SceneDelegate.swift; sourceTree = "<group>"; };
		C078CE1629103A29004D2E3B /* ViewController.swift */ = {isa = PBXFileReference; lastKnownFileType = sourcecode.swift; path = ViewController.swift; sourceTree = "<group>"; };
		C078CE1929103A29004D2E3B /* Base */ = {isa = PBXFileReference; lastKnownFileType = file.storyboard; name = Base; path = Base.lproj/Main.storyboard; sourceTree = "<group>"; };
		C078CE1B29103A2A004D2E3B /* Assets.xcassets */ = {isa = PBXFileReference; lastKnownFileType = folder.assetcatalog; path = Assets.xcassets; sourceTree = "<group>"; };
		C078CE1E29103A2A004D2E3B /* Base */ = {isa = PBXFileReference; lastKnownFileType = file.storyboard; name = Base; path = Base.lproj/LaunchScreen.storyboard; sourceTree = "<group>"; };
		C078CE2029103A2A004D2E3B /* Info.plist */ = {isa = PBXFileReference; lastKnownFileType = text.plist.xml; path = Info.plist; sourceTree = "<group>"; };
		C0B332C82910450D00219617 /* KeychainItemAccessibility.swift */ = {isa = PBXFileReference; fileEncoding = 4; lastKnownFileType = sourcecode.swift; path = KeychainItemAccessibility.swift; sourceTree = "<group>"; };
		C0B332C92910450D00219617 /* KeychainWrapper.swift */ = {isa = PBXFileReference; fileEncoding = 4; lastKnownFileType = sourcecode.swift; path = KeychainWrapper.swift; sourceTree = "<group>"; };
/* End PBXFileReference section */

/* Begin PBXFrameworksBuildPhase section */
		C078CE0C29103A29004D2E3B /* Frameworks */ = {
			isa = PBXFrameworksBuildPhase;
			buildActionMask = 2147483647;
			files = (
			);
			runOnlyForDeploymentPostprocessing = 0;
		};
/* End PBXFrameworksBuildPhase section */

/* Begin PBXGroup section */
		C078CE0629103A29004D2E3B = {
			isa = PBXGroup;
			children = (
				C078CE1129103A29004D2E3B /* Project28 */,
				C078CE1029103A29004D2E3B /* Products */,
			);
			sourceTree = "<group>";
		};
		C078CE1029103A29004D2E3B /* Products */ = {
			isa = PBXGroup;
			children = (
				C078CE0F29103A29004D2E3B /* Project28.app */,
			);
			name = Products;
			sourceTree = "<group>";
		};
		C078CE1129103A29004D2E3B /* Project28 */ = {
			isa = PBXGroup;
			children = (
				C078CE1229103A29004D2E3B /* AppDelegate.swift */,
				C078CE1429103A29004D2E3B /* SceneDelegate.swift */,
				C078CE1629103A29004D2E3B /* ViewController.swift */,
				C078CE1829103A29004D2E3B /* Main.storyboard */,
				C078CE1B29103A2A004D2E3B /* Assets.xcassets */,
				C078CE1D29103A2A004D2E3B /* LaunchScreen.storyboard */,
				C078CE2029103A2A004D2E3B /* Info.plist */,
				C0B332C82910450D00219617 /* KeychainItemAccessibility.swift */,
				C0B332C92910450D00219617 /* KeychainWrapper.swift */,
			);
			path = Project28;
			sourceTree = "<group>";
		};
/* End PBXGroup section */

/* Begin PBXNativeTarget section */
		C078CE0E29103A29004D2E3B /* Project28 */ = {
			isa = PBXNativeTarget;
			buildConfigurationList = C078CE2329103A2A004D2E3B /* Build configuration list for PBXNativeTarget "Project28" */;
			buildPhases = (
				C078CE0B29103A29004D2E3B /* Sources */,
				C078CE0C29103A29004D2E3B /* Frameworks */,
				C078CE0D29103A29004D2E3B /* Resources */,
			);
			buildRules = (
			);
			dependencies = (
			);
			name = Project28;
			productName = Project28;
			productReference = C078CE0F29103A29004D2E3B /* Project28.app */;
			productType = "com.apple.product-type.application";
		};
/* End PBXNativeTarget section */

/* Begin PBXProject section */
		C078CE0729103A29004D2E3B /* Project object */ = {
			isa = PBXProject;
			attributes = {
				BuildIndependentTargetsInParallel = 1;
				LastSwiftUpdateCheck = 1410;
				LastUpgradeCheck = 1410;
				TargetAttributes = {
					C078CE0E29103A29004D2E3B = {
						CreatedOnToolsVersion = 14.1;
					};
				};
			};
			buildConfigurationList = C078CE0A29103A29004D2E3B /* Build configuration list for PBXProject "Project28" */;
			compatibilityVersion = "Xcode 14.0";
			developmentRegion = en;
			hasScannedForEncodings = 0;
			knownRegions = (
				en,
				Base,
			);
			mainGroup = C078CE0629103A29004D2E3B;
			productRefGroup = C078CE1029103A29004D2E3B /* Products */;
			projectDirPath = "";
			projectRoot = "";
			targets = (
				C078CE0E29103A29004D2E3B /* Project28 */,
			);
		};
/* End PBXProject section */

/* Begin PBXResourcesBuildPhase section */
		C078CE0D29103A29004D2E3B /* Resources */ = {
			isa = PBXResourcesBuildPhase;
			buildActionMask = 2147483647;
			files = (
				C078CE1F29103A2A004D2E3B /* LaunchScreen.storyboard in Resources */,
				C078CE1C29103A2A004D2E3B /* Assets.xcassets in Resources */,
				C078CE1A29103A29004D2E3B /* Main.storyboard in Resources */,
			);
			runOnlyForDeploymentPostprocessing = 0;
		};
/* End PBXResourcesBuildPhase section */

/* Begin PBXSourcesBuildPhase section */
		C078CE0B29103A29004D2E3B /* Sources */ = {
			isa = PBXSourcesBuildPhase;
			buildActionMask = 2147483647;
			files = (
				C078CE1729103A29004D2E3B /* ViewController.swift in Sources */,
				C0B332CA2910450D00219617 /* KeychainItemAccessibility.swift in Sources */,
				C078CE1329103A29004D2E3B /* AppDelegate.swift in Sources */,
				C078CE1529103A29004D2E3B /* SceneDelegate.swift in Sources */,
				C0B332CB2910450D00219617 /* KeychainWrapper.swift in Sources */,
			);
			runOnlyForDeploymentPostprocessing = 0;
		};
/* End PBXSourcesBuildPhase section */

/* Begin PBXVariantGroup section */
		C078CE1829103A29004D2E3B /* Main.storyboard */ = {
			isa = PBXVariantGroup;
			children = (
				C078CE1929103A29004D2E3B /* Base */,
			);
			name = Main.storyboard;
			sourceTree = "<group>";
		};
		C078CE1D29103A2A004D2E3B /* LaunchScreen.storyboard */ = {
			isa = PBXVariantGroup;
			children = (
				C078CE1E29103A2A004D2E3B /* Base */,
			);
			name = LaunchScreen.storyboard;
			sourceTree = "<group>";
		};
/* End PBXVariantGroup section */

/* Begin XCBuildConfiguration section */
		C078CE2129103A2A004D2E3B /* Debug */ = {
			isa = XCBuildConfiguration;
			buildSettings = {
				ALWAYS_SEARCH_USER_PATHS = NO;
				CLANG_ANALYZER_NONNULL = YES;
				CLANG_ANALYZER_NUMBER_OBJECT_CONVERSION = YES_AGGRESSIVE;
				CLANG_CXX_LANGUAGE_STANDARD = "gnu++20";
				CLANG_ENABLE_MODULES = YES;
				CLANG_ENABLE_OBJC_ARC = YES;
				CLANG_ENABLE_OBJC_WEAK = YES;
				CLANG_WARN_BLOCK_CAPTURE_AUTORELEASING = YES;
				CLANG_WARN_BOOL_CONVERSION = YES;
				CLANG_WARN_COMMA = YES;
				CLANG_WARN_CONSTANT_CONVERSION = YES;
				CLANG_WARN_DEPRECATED_OBJC_IMPLEMENTATIONS = YES;
				CLANG_WARN_DIRECT_OBJC_ISA_USAGE = YES_ERROR;
				CLANG_WARN_DOCUMENTATION_COMMENTS = YES;
				CLANG_WARN_EMPTY_BODY = YES;
				CLANG_WARN_ENUM_CONVERSION = YES;
				CLANG_WARN_INFINITE_RECURSION = YES;
				CLANG_WARN_INT_CONVERSION = YES;
				CLANG_WARN_NON_LITERAL_NULL_CONVERSION = YES;
				CLANG_WARN_OBJC_IMPLICIT_RETAIN_SELF = YES;
				CLANG_WARN_OBJC_LITERAL_CONVERSION = YES;
				CLANG_WARN_OBJC_ROOT_CLASS = YES_ERROR;
				CLANG_WARN_QUOTED_INCLUDE_IN_FRAMEWORK_HEADER = YES;
				CLANG_WARN_RANGE_LOOP_ANALYSIS = YES;
				CLANG_WARN_STRICT_PROTOTYPES = YES;
				CLANG_WARN_SUSPICIOUS_MOVE = YES;
				CLANG_WARN_UNGUARDED_AVAILABILITY = YES_AGGRESSIVE;
				CLANG_WARN_UNREACHABLE_CODE = YES;
				CLANG_WARN__DUPLICATE_METHOD_MATCH = YES;
				COPY_PHASE_STRIP = NO;
				DEBUG_INFORMATION_FORMAT = dwarf;
				ENABLE_STRICT_OBJC_MSGSEND = YES;
				ENABLE_TESTABILITY = YES;
				GCC_C_LANGUAGE_STANDARD = gnu11;
				GCC_DYNAMIC_NO_PIC = NO;
				GCC_NO_COMMON_BLOCKS = YES;
				GCC_OPTIMIZATION_LEVEL = 0;
				GCC_PREPROCESSOR_DEFINITIONS = (
					"DEBUG=1",
					"$(inherited)",
				);
				GCC_WARN_64_TO_32_BIT_CONVERSION = YES;
				GCC_WARN_ABOUT_RETURN_TYPE = YES_ERROR;
				GCC_WARN_UNDECLARED_SELECTOR = YES;
				GCC_WARN_UNINITIALIZED_AUTOS = YES_AGGRESSIVE;
				GCC_WARN_UNUSED_FUNCTION = YES;
				GCC_WARN_UNUSED_VARIABLE = YES;
				IPHONEOS_DEPLOYMENT_TARGET = 16.1;
				MTL_ENABLE_DEBUG_INFO = INCLUDE_SOURCE;
				MTL_FAST_MATH = YES;
				ONLY_ACTIVE_ARCH = YES;
				SDKROOT = iphoneos;
				SWIFT_ACTIVE_COMPILATION_CONDITIONS = DEBUG;
				SWIFT_OPTIMIZATION_LEVEL = "-Onone";
			};
			name = Debug;
		};
		C078CE2229103A2A004D2E3B /* Release */ = {
			isa = XCBuildConfiguration;
			buildSettings = {
				ALWAYS_SEARCH_USER_PATHS = NO;
				CLANG_ANALYZER_NONNULL = YES;
				CLANG_ANALYZER_NUMBER_OBJECT_CONVERSION = YES_AGGRESSIVE;
				CLANG_CXX_LANGUAGE_STANDARD = "gnu++20";
				CLANG_ENABLE_MODULES = YES;
				CLANG_ENABLE_OBJC_ARC = YES;
				CLANG_ENABLE_OBJC_WEAK = YES;
				CLANG_WARN_BLOCK_CAPTURE_AUTORELEASING = YES;
				CLANG_WARN_BOOL_CONVERSION = YES;
				CLANG_WARN_COMMA = YES;
				CLANG_WARN_CONSTANT_CONVERSION = YES;
				CLANG_WARN_DEPRECATED_OBJC_IMPLEMENTATIONS = YES;
				CLANG_WARN_DIRECT_OBJC_ISA_USAGE = YES_ERROR;
				CLANG_WARN_DOCUMENTATION_COMMENTS = YES;
				CLANG_WARN_EMPTY_BODY = YES;
				CLANG_WARN_ENUM_CONVERSION = YES;
				CLANG_WARN_INFINITE_RECURSION = YES;
				CLANG_WARN_INT_CONVERSION = YES;
				CLANG_WARN_NON_LITERAL_NULL_CONVERSION = YES;
				CLANG_WARN_OBJC_IMPLICIT_RETAIN_SELF = YES;
				CLANG_WARN_OBJC_LITERAL_CONVERSION = YES;
				CLANG_WARN_OBJC_ROOT_CLASS = YES_ERROR;
				CLANG_WARN_QUOTED_INCLUDE_IN_FRAMEWORK_HEADER = YES;
				CLANG_WARN_RANGE_LOOP_ANALYSIS = YES;
				CLANG_WARN_STRICT_PROTOTYPES = YES;
				CLANG_WARN_SUSPICIOUS_MOVE = YES;
				CLANG_WARN_UNGUARDED_AVAILABILITY = YES_AGGRESSIVE;
				CLANG_WARN_UNREACHABLE_CODE = YES;
				CLANG_WARN__DUPLICATE_METHOD_MATCH = YES;
				COPY_PHASE_STRIP = NO;
				DEBUG_INFORMATION_FORMAT = "dwarf-with-dsym";
				ENABLE_NS_ASSERTIONS = NO;
				ENABLE_STRICT_OBJC_MSGSEND = YES;
				GCC_C_LANGUAGE_STANDARD = gnu11;
				GCC_NO_COMMON_BLOCKS = YES;
				GCC_WARN_64_TO_32_BIT_CONVERSION = YES;
				GCC_WARN_ABOUT_RETURN_TYPE = YES_ERROR;
				GCC_WARN_UNDECLARED_SELECTOR = YES;
				GCC_WARN_UNINITIALIZED_AUTOS = YES_AGGRESSIVE;
				GCC_WARN_UNUSED_FUNCTION = YES;
				GCC_WARN_UNUSED_VARIABLE = YES;
				IPHONEOS_DEPLOYMENT_TARGET = 16.1;
				MTL_ENABLE_DEBUG_INFO = NO;
				MTL_FAST_MATH = YES;
				SDKROOT = iphoneos;
				SWIFT_COMPILATION_MODE = wholemodule;
				SWIFT_OPTIMIZATION_LEVEL = "-O";
				VALIDATE_PRODUCT = YES;
			};
			name = Release;
		};
		C078CE2429103A2A004D2E3B /* Debug */ = {
			isa = XCBuildConfiguration;
			buildSettings = {
				ASSETCATALOG_COMPILER_APPICON_NAME = AppIcon;
				ASSETCATALOG_COMPILER_GLOBAL_ACCENT_COLOR_NAME = AccentColor;
				CODE_SIGN_STYLE = Automatic;
				CURRENT_PROJECT_VERSION = 1;
				DEVELOPMENT_TEAM = VQAXAL86KV;
				GENERATE_INFOPLIST_FILE = YES;
				INFOPLIST_FILE = Project28/Info.plist;
				INFOPLIST_KEY_UIApplicationSupportsIndirectInputEvents = YES;
				INFOPLIST_KEY_UILaunchStoryboardName = LaunchScreen;
				INFOPLIST_KEY_UIMainStoryboardFile = Main;
				INFOPLIST_KEY_UISupportedInterfaceOrientations_iPad = "UIInterfaceOrientationPortrait UIInterfaceOrientationPortraitUpsideDown UIInterfaceOrientationLandscapeLeft UIInterfaceOrientationLandscapeRight";
				INFOPLIST_KEY_UISupportedInterfaceOrientations_iPhone = "UIInterfaceOrientationPortrait UIInterfaceOrientationLandscapeLeft UIInterfaceOrientationLandscapeRight";
				LD_RUNPATH_SEARCH_PATHS = (
					"$(inherited)",
					"@executable_path/Frameworks",
				);
				MARKETING_VERSION = 1.0;
				PRODUCT_BUNDLE_IDENTIFIER = me.grant.watson.Project28;
				PRODUCT_NAME = "$(TARGET_NAME)";
				SWIFT_EMIT_LOC_STRINGS = YES;
				SWIFT_VERSION = 5.0;
				TARGETED_DEVICE_FAMILY = "1,2";
			};
			name = Debug;
		};
		C078CE2529103A2A004D2E3B /* Release */ = {
			isa = XCBuildConfiguration;
			buildSettings = {
				ASSETCATALOG_COMPILER_APPICON_NAME = AppIcon;
				ASSETCATALOG_COMPILER_GLOBAL_ACCENT_COLOR_NAME = AccentColor;
				CODE_SIGN_STYLE = Automatic;
				CURRENT_PROJECT_VERSION = 1;
				DEVELOPMENT_TEAM = VQAXAL86KV;
				GENERATE_INFOPLIST_FILE = YES;
				INFOPLIST_FILE = Project28/Info.plist;
				INFOPLIST_KEY_UIApplicationSupportsIndirectInputEvents = YES;
				INFOPLIST_KEY_UILaunchStoryboardName = LaunchScreen;
				INFOPLIST_KEY_UIMainStoryboardFile = Main;
				INFOPLIST_KEY_UISupportedInterfaceOrientations_iPad = "UIInterfaceOrientationPortrait UIInterfaceOrientationPortraitUpsideDown UIInterfaceOrientationLandscapeLeft UIInterfaceOrientationLandscapeRight";
				INFOPLIST_KEY_UISupportedInterfaceOrientations_iPhone = "UIInterfaceOrientationPortrait UIInterfaceOrientationLandscapeLeft UIInterfaceOrientationLandscapeRight";
				LD_RUNPATH_SEARCH_PATHS = (
					"$(inherited)",
					"@executable_path/Frameworks",
				);
				MARKETING_VERSION = 1.0;
				PRODUCT_BUNDLE_IDENTIFIER = me.grant.watson.Project28;
				PRODUCT_NAME = "$(TARGET_NAME)";
				SWIFT_EMIT_LOC_STRINGS = YES;
				SWIFT_VERSION = 5.0;
				TARGETED_DEVICE_FAMILY = "1,2";
			};
			name = Release;
		};
/* End XCBuildConfiguration section */

/* Begin XCConfigurationList section */
		C078CE0A29103A29004D2E3B /* Build configuration list for PBXProject "Project28" */ = {
			isa = XCConfigurationList;
			buildConfigurations = (
				C078CE2129103A2A004D2E3B /* Debug */,
				C078CE2229103A2A004D2E3B /* Release */,
			);
			defaultConfigurationIsVisible = 0;
			defaultConfigurationName = Release;
		};
		C078CE2329103A2A004D2E3B /* Build configuration list for PBXNativeTarget "Project28" */ = {
			isa = XCConfigurationList;
			buildConfigurations = (
				C078CE2429103A2A004D2E3B /* Debug */,
				C078CE2529103A2A004D2E3B /* Release */,
			);
			defaultConfigurationIsVisible = 0;
			defaultConfigurationName = Release;
		};
/* End XCConfigurationList section */
	};
	rootObject = C078CE0729103A29004D2E3B /* Project object */;
}
